
Microsoft Visual Studio Solution File, Format Version 12.00
# Visual Studio Version 17
VisualStudioVersion = 17.4.33403.182
MinimumVisualStudioVersion = 10.0.40219.1
Project("{FAE04EC0-301F-11D3-BF4B-00C04F79EFBC}") = "Test", "Test\Test.csproj", "{758ED084-6A2B-490B-811A-B975A96C22A8}"
EndProject
Project("{FAE04EC0-301F-11D3-BF4B-00C04F79EFBC}") = "AreaOfFiguresLibrary", "AreaOfFiguresLibrary\AreaOfFiguresLibrary.csproj", "{EFA9E261-2037-4B32-9A37-762BD2FB7A00}"
EndProject
Global
	GlobalSection(SolutionConfigurationPlatforms) = preSolution
		Debug|Any CPU = Debug|Any CPU
		Release|Any CPU = Release|Any CPU
	EndGlobalSection
	GlobalSection(ProjectConfigurationPlatforms) = postSolution
		{758ED084-6A2B-490B-811A-B975A96C22A8}.Debug|Any CPU.ActiveCfg = Debug|Any CPU
		{758ED084-6A2B-490B-811A-B975A96C22A8}.Debug|Any CPU.Build.0 = Debug|Any CPU
		{758ED084-6A2B-490B-811A-B975A96C22A8}.Release|Any CPU.ActiveCfg = Release|Any CPU
		{758ED084-6A2B-490B-811A-B975A96C22A8}.Release|Any CPU.Build.0 = Release|Any CPU
		{EFA9E261-2037-4B32-9A37-762BD2FB7A00}.Debug|Any CPU.ActiveCfg = Debug|Any CPU
		{EFA9E261-2037-4B32-9A37-762BD2FB7A00}.Debug|Any CPU.Build.0 = Debug|Any CPU
		{EFA9E261-2037-4B32-9A37-762BD2FB7A00}.Release|Any CPU.ActiveCfg = Release|Any CPU
		{EFA9E261-2037-4B32-9A37-762BD2FB7A00}.Release|Any CPU.Build.0 = Release|Any CPU
	EndGlobalSection
	GlobalSection(SolutionProperties) = preSolution
		HideSolutionNode = FALSE
	EndGlobalSection
	GlobalSection(ExtensibilityGlobals) = postSolution
		SolutionGuid = {53C28D7F-85A4-4480-89A7-BB40CFEA93B2}
	EndGlobalSection
EndGlobal
